
Microsoft Visual Studio Solution File, Format Version 12.00
# Visual Studio Version 17
VisualStudioVersion = 17.11.35312.102
MinimumVisualStudioVersion = 10.0.40219.1
Project("{FAE04EC0-301F-11D3-BF4B-00C04F79EFBC}") = "TowersOfHanoi", "TowersOfHanoi\TowersOfHanoi.csproj", "{405A895F-9E4D-464E-A4CA-1588CC10FBEB}"
EndProject
Global
	GlobalSection(SolutionConfigurationPlatforms) = preSolution
		Debug|Any CPU = Debug|Any CPU
		Release|Any CPU = Release|Any CPU
	EndGlobalSection
	GlobalSection(ProjectConfigurationPlatforms) = postSolution
		{405A895F-9E4D-464E-A4CA-1588CC10FBEB}.Debug|Any CPU.ActiveCfg = Debug|Any CPU
		{405A895F-9E4D-464E-A4CA-1588CC10FBEB}.Debug|Any CPU.Build.0 = Debug|Any CPU
		{405A895F-9E4D-464E-A4CA-1588CC10FBEB}.Release|Any CPU.ActiveCfg = Release|Any CPU
		{405A895F-9E4D-464E-A4CA-1588CC10FBEB}.Release|Any CPU.Build.0 = Release|Any CPU
	EndGlobalSection
	GlobalSection(SolutionProperties) = preSolution
		HideSolutionNode = FALSE
	EndGlobalSection
	GlobalSection(ExtensibilityGlobals) = postSolution
		SolutionGuid = {B6C3A375-4ECF-4452-8802-A5CB20A92845}
	EndGlobalSection
EndGlobal
